
Microsoft Visual Studio Solution File, Format Version 12.00
# Visual Studio 2012
Project("{FAE04EC0-301F-11D3-BF4B-00C04F79EFBC}") = "_control_library", "_control_library\_control_library.csproj", "{55FB1D65-5C19-4F46-AE4B-12B2977DDBAE}"
EndProject
Global
	GlobalSection(SolutionConfigurationPlatforms) = preSolution
		Debug|Any CPU = Debug|Any CPU
		Release|Any CPU = Release|Any CPU
	EndGlobalSection
	GlobalSection(ProjectConfigurationPlatforms) = postSolution
		{55FB1D65-5C19-4F46-AE4B-12B2977DDBAE}.Debug|Any CPU.ActiveCfg = Debug|Any CPU
		{55FB1D65-5C19-4F46-AE4B-12B2977DDBAE}.Debug|Any CPU.Build.0 = Debug|Any CPU
		{55FB1D65-5C19-4F46-AE4B-12B2977DDBAE}.Release|Any CPU.ActiveCfg = Release|Any CPU
		{55FB1D65-5C19-4F46-AE4B-12B2977DDBAE}.Release|Any CPU.Build.0 = Release|Any CPU
	EndGlobalSection
	GlobalSection(SolutionProperties) = preSolution
		HideSolutionNode = FALSE
	EndGlobalSection
EndGlobal
